Microsoft Visual Studio Solution File, Format Version 12.00
# Visual Studio 14
VisualStudioVersion = 14.0.24720.0
MinimumVisualStudioVersion = 10.0.40219.1
Project("{E24C65DC-7377-472B-9ABA-BC803B73C61A}") = "Projeto(3)", "Projeto\", "{0F8AE56F-E145-4341-91E4-15DCCBA17F6A}"
	ProjectSection(WebsiteProperties) = preProject
		TargetFrameworkMoniker = ".NETFramework,Version%3Dv4.0"
		Debug.AspNetCompiler.VirtualPath = "/Projeto"
		Debug.AspNetCompiler.PhysicalPath = "Projeto\"
		Debug.AspNetCompiler.TargetPath = "PrecompiledWeb\Projeto\"
		Debug.AspNetCompiler.Updateable = "true"
		Debug.AspNetCompiler.ForceOverwrite = "true"
		Debug.AspNetCompiler.FixedNames = "false"
		Debug.AspNetCompiler.Debug = "True"
		Release.AspNetCompiler.VirtualPath = "/Projeto"
		Release.AspNetCompiler.PhysicalPath = "Projeto\"
		Release.AspNetCompiler.TargetPath = "PrecompiledWeb\Projeto\"
		Release.AspNetCompiler.Updateable = "true"
		Release.AspNetCompiler.ForceOverwrite = "true"
		Release.AspNetCompiler.FixedNames = "false"
		Release.AspNetCompiler.Debug = "False"
		VWDPort = "54513"
		SlnRelativePath = "Projeto\"
		DefaultWebSiteLanguage = "Visual C#"
	EndProjectSection
EndProject
Global
	GlobalSection(SolutionConfigurationPlatforms) = preSolution
		Debug|Any CPU = Debug|Any CPU
		Release|Any CPU = Release|Any CPU
	EndGlobalSection
	GlobalSection(ProjectConfigurationPlatforms) = postSolution
		{0F8AE56F-E145-4341-91E4-15DCCBA17F6A}.Debug|Any CPU.ActiveCfg = Debug|Any CPU
		{0F8AE56F-E145-4341-91E4-15DCCBA17F6A}.Debug|Any CPU.Build.0 = Debug|Any CPU
		{0F8AE56F-E145-4341-91E4-15DCCBA17F6A}.Release|Any CPU.ActiveCfg = Debug|Any CPU
		{0F8AE56F-E145-4341-91E4-15DCCBA17F6A}.Release|Any CPU.Build.0 = Debug|Any CPU
	EndGlobalSection
	GlobalSection(SolutionProperties) = preSolution
		HideSolutionNode = FALSE
	EndGlobalSection
EndGlobal
